
Microsoft Visual Studio Solution File, Format Version 12.00
# Visual Studio 15
VisualStudioVersion = 15.0.28307.136
MinimumVisualStudioVersion = 10.0.40219.1
Project("{9A19103F-16F7-4668-BE54-9A1E7A4F7556}") = "PhotoOrganiser", "PhotoOrganiser\PhotoOrganiser.csproj", "{4713671A-901D-49B3-950A-40AF307D425D}"
EndProject
Project("{FAE04EC0-301F-11D3-BF4B-00C04F79EFBC}") = "PhotoOraganiser.Core", "PhotoOraganiser.Core\PhotoOraganiser.Core.csproj", "{B7D42E2D-E277-4655-A2B2-E8B5A7B91A0C}"
EndProject
Global
	GlobalSection(SolutionConfigurationPlatforms) = preSolution
		Debug|Any CPU = Debug|Any CPU
		Release|Any CPU = Release|Any CPU
	EndGlobalSection
	GlobalSection(ProjectConfigurationPlatforms) = postSolution
		{4713671A-901D-49B3-950A-40AF307D425D}.Debug|Any CPU.ActiveCfg = Debug|Any CPU
		{4713671A-901D-49B3-950A-40AF307D425D}.Debug|Any CPU.Build.0 = Debug|Any CPU
		{4713671A-901D-49B3-950A-40AF307D425D}.Release|Any CPU.ActiveCfg = Release|Any CPU
		{4713671A-901D-49B3-950A-40AF307D425D}.Release|Any CPU.Build.0 = Release|Any CPU
		{B7D42E2D-E277-4655-A2B2-E8B5A7B91A0C}.Debug|Any CPU.ActiveCfg = Debug|Any CPU
		{B7D42E2D-E277-4655-A2B2-E8B5A7B91A0C}.Debug|Any CPU.Build.0 = Debug|Any CPU
		{B7D42E2D-E277-4655-A2B2-E8B5A7B91A0C}.Release|Any CPU.ActiveCfg = Release|Any CPU
		{B7D42E2D-E277-4655-A2B2-E8B5A7B91A0C}.Release|Any CPU.Build.0 = Release|Any CPU
	EndGlobalSection
	GlobalSection(SolutionProperties) = preSolution
		HideSolutionNode = FALSE
	EndGlobalSection
	GlobalSection(ExtensibilityGlobals) = postSolution
		SolutionGuid = {A38C8A5E-5E4F-42EE-B88A-229CAF27D496}
	EndGlobalSection
EndGlobal
